
Microsoft Visual Studio Solution File, Format Version 12.00
# Visual Studio Version 17
VisualStudioVersion = 17.6.33829.357
MinimumVisualStudioVersion = 10.0.40219.1
Project("{FAE04EC0-301F-11D3-BF4B-00C04F79EFBC}") = "ConsoleAppClient", "ConsoleAppClient\ConsoleAppClient.csproj", "{5623C920-0875-4448-9202-D3261FB9DEF9}"
EndProject
Project("{FAE04EC0-301F-11D3-BF4B-00C04F79EFBC}") = "ConsoleAppServer", "ConsoleAppServer\ConsoleAppServer.csproj", "{0BBB2A18-5916-4AA3-9AC9-BE155E36D814}"
EndProject
Global
	GlobalSection(SolutionConfigurationPlatforms) = preSolution
		Debug|Any CPU = Debug|Any CPU
		Release|Any CPU = Release|Any CPU
	EndGlobalSection
	GlobalSection(ProjectConfigurationPlatforms) = postSolution
		{5623C920-0875-4448-9202-D3261FB9DEF9}.Debug|Any CPU.ActiveCfg = Debug|Any CPU
		{5623C920-0875-4448-9202-D3261FB9DEF9}.Debug|Any CPU.Build.0 = Debug|Any CPU
		{5623C920-0875-4448-9202-D3261FB9DEF9}.Release|Any CPU.ActiveCfg = Release|Any CPU
		{5623C920-0875-4448-9202-D3261FB9DEF9}.Release|Any CPU.Build.0 = Release|Any CPU
		{0BBB2A18-5916-4AA3-9AC9-BE155E36D814}.Debug|Any CPU.ActiveCfg = Debug|Any CPU
		{0BBB2A18-5916-4AA3-9AC9-BE155E36D814}.Debug|Any CPU.Build.0 = Debug|Any CPU
		{0BBB2A18-5916-4AA3-9AC9-BE155E36D814}.Release|Any CPU.ActiveCfg = Release|Any CPU
		{0BBB2A18-5916-4AA3-9AC9-BE155E36D814}.Release|Any CPU.Build.0 = Release|Any CPU
	EndGlobalSection
	GlobalSection(SolutionProperties) = preSolution
		HideSolutionNode = FALSE
	EndGlobalSection
	GlobalSection(ExtensibilityGlobals) = postSolution
		SolutionGuid = {5A4B1AF9-D289-4DD8-963F-AAA74A46CA67}
	EndGlobalSection
EndGlobal
