
Microsoft Visual Studio Solution File, Format Version 12.00
# Visual Studio Version 17
VisualStudioVersion = 17.7.34024.191
MinimumVisualStudioVersion = 10.0.40219.1
Project("{9A19103F-16F7-4668-BE54-9A1E7A4F7556}") = "ElencoClassi2", "ElencoClassi2\ElencoClassi2.csproj", "{82DE3980-68EF-4B24-AFD9-1D50F27DD84C}"
EndProject
Global
	GlobalSection(SolutionConfigurationPlatforms) = preSolution
		Debug|Any CPU = Debug|Any CPU
		Release|Any CPU = Release|Any CPU
	EndGlobalSection
	GlobalSection(ProjectConfigurationPlatforms) = postSolution
		{82DE3980-68EF-4B24-AFD9-1D50F27DD84C}.Debug|Any CPU.ActiveCfg = Debug|Any CPU
		{82DE3980-68EF-4B24-AFD9-1D50F27DD84C}.Debug|Any CPU.Build.0 = Debug|Any CPU
		{82DE3980-68EF-4B24-AFD9-1D50F27DD84C}.Release|Any CPU.ActiveCfg = Release|Any CPU
		{82DE3980-68EF-4B24-AFD9-1D50F27DD84C}.Release|Any CPU.Build.0 = Release|Any CPU
	EndGlobalSection
	GlobalSection(SolutionProperties) = preSolution
		HideSolutionNode = FALSE
	EndGlobalSection
	GlobalSection(ExtensibilityGlobals) = postSolution
		SolutionGuid = {A4C702B8-1571-47FE-95F4-C94A19687439}
	EndGlobalSection
EndGlobal
